
Microsoft Visual Studio Solution File, Format Version 12.00
# Visual Studio 2012
Project("{FAE04EC0-301F-11D3-BF4B-00C04F79EFBC}") = "LaunchView", "LaunchView\LaunchView.csproj", "{3A2015C0-61DB-4ADC-8DE6-F1BA73694835}"
EndProject
Global
	GlobalSection(SolutionConfigurationPlatforms) = preSolution
		Debug|iPhoneSimulator = Debug|iPhoneSimulator
		Release|iPhone = Release|iPhone
		Release|iPhoneSimulator = Release|iPhoneSimulator
		Debug|iPhone = Debug|iPhone
	EndGlobalSection
	GlobalSection(ProjectConfigurationPlatforms) = postSolution
		{3A2015C0-61DB-4ADC-8DE6-F1BA73694835}.Debug|iPhoneSimulator.ActiveCfg = Debug|iPhoneSimulator
		{3A2015C0-61DB-4ADC-8DE6-F1BA73694835}.Debug|iPhoneSimulator.Build.0 = Debug|iPhoneSimulator
		{3A2015C0-61DB-4ADC-8DE6-F1BA73694835}.Release|iPhone.ActiveCfg = Release|iPhone
		{3A2015C0-61DB-4ADC-8DE6-F1BA73694835}.Release|iPhone.Build.0 = Release|iPhone
		{3A2015C0-61DB-4ADC-8DE6-F1BA73694835}.Release|iPhoneSimulator.ActiveCfg = Release|iPhoneSimulator
		{3A2015C0-61DB-4ADC-8DE6-F1BA73694835}.Release|iPhoneSimulator.Build.0 = Release|iPhoneSimulator
		{3A2015C0-61DB-4ADC-8DE6-F1BA73694835}.Debug|iPhone.ActiveCfg = Debug|iPhone
		{3A2015C0-61DB-4ADC-8DE6-F1BA73694835}.Debug|iPhone.Build.0 = Debug|iPhone
	EndGlobalSection
EndGlobal
